
Microsoft Visual Studio Solution File, Format Version 12.00
# Visual Studio Version 16
VisualStudioVersion = 16.0.29009.5
MinimumVisualStudioVersion = 10.0.40219.1
Project("{FAE04EC0-301F-11D3-BF4B-00C04F79EFBC}") = "Remote Commander", "Remote Commander.csproj", "{03AEE17D-188E-4DD5-A19C-CE655E181CFF}"
EndProject
Global
	GlobalSection(SolutionConfigurationPlatforms) = preSolution
		Debug|Any CPU = Debug|Any CPU
		Release|Any CPU = Release|Any CPU
	EndGlobalSection
	GlobalSection(ProjectConfigurationPlatforms) = postSolution
		{03AEE17D-188E-4DD5-A19C-CE655E181CFF}.Debug|Any CPU.ActiveCfg = Debug|Any CPU
		{03AEE17D-188E-4DD5-A19C-CE655E181CFF}.Debug|Any CPU.Build.0 = Debug|Any CPU
		{03AEE17D-188E-4DD5-A19C-CE655E181CFF}.Release|Any CPU.ActiveCfg = Release|Any CPU
		{03AEE17D-188E-4DD5-A19C-CE655E181CFF}.Release|Any CPU.Build.0 = Release|Any CPU
	EndGlobalSection
	GlobalSection(SolutionProperties) = preSolution
		HideSolutionNode = FALSE
	EndGlobalSection
	GlobalSection(ExtensibilityGlobals) = postSolution
		SolutionGuid = {234E7A86-D1FD-44BC-A04E-CC05305BD4FE}
	EndGlobalSection
EndGlobal
